{
    "_readme": [
        "This file locks the dependencies of your project to a known state",
        "Read more about it at https://getcomposer.org/doc/01-basic-usage.md#installing-dependencies",
        "This file is @generated automatically"
    ],
    "content-hash": "a78e5ebafb257abe922751e078a980a6",
    "packages": [
        {
            "name": "actra/autoloader",
            "version": "v1.1.0",
            "source": {
                "type": "git",
                "url": "https://github.com/Actra-AG/autoloader",
                "reference": "577f796499a6559b78f67da63611c66b4eeaccc3"
            },
            "dist": {
                "type": "zip",
                "url": "https://api.github.com/repos/Actra-AG/autoloader/zipball/577f796499a6559b78f67da63611c66b4eeaccc3",
                "reference": "577f796499a6559b78f67da63611c66b4eeaccc3",
                "shasum": ""
            },
            "require": {
                "php": ">=8.2"
            },
            "type": "library",
            "autoload": {
                "psr-4": {
                    "actra\\autoloader\\": "src/"
                }
            },
            "notification-url": "https://packagist.org/downloads/",
            "license": [
                "MIT"
            ],
            "authors": [
                {
                    "name": "Actra AG",
                    "homepage": "https://www.actra.ch"
                }
            ],
            "description": "A simple, lightweight, and efficient PHP Autoloader supporting PSR-4, PSR-0, and filesystem caching with OPcache support.",
            "time": "2026-03-15T12:43:22+00:00"
        },
        {
            "name": "actra/backend",
            "version": "v0.4.0",
            "source": {
                "type": "git",
                "url": "https://github.com/Actra-AG/backend",
                "reference": "3d6de58778a3be4234a0f60773c9ff186ac5c5cb"
            },
            "dist": {
                "type": "zip",
                "url": "https://api.github.com/repos/Actra-AG/backend/zipball/3d6de58778a3be4234a0f60773c9ff186ac5c5cb",
                "reference": "3d6de58778a3be4234a0f60773c9ff186ac5c5cb",
                "shasum": ""
            },
            "require": {
                "actra/yuf": "*",
                "php": ">=8.5"
            },
            "type": "library",
            "autoload": {
                "psr-4": {
                    "actra\\backend\\": "src/"
                }
            },
            "notification-url": "https://packagist.org/downloads/",
            "license": [
                "MIT"
            ],
            "authors": [
                {
                    "name": "Actra AG",
                    "homepage": "https://www.actra.ch"
                }
            ],
            "description": "A backend management library for the YUF framework, providing user account management and one-time token authentication via email.",
            "time": "2026-04-27T12:39:41+00:00"
        },
        {
            "name": "actra/yuf",
            "version": "v1.0.2",
            "source": {
                "type": "git",
                "url": "https://github.com/Actra-AG/yuf",
                "reference": "2e979a46a5ce0fd3346f4e15bbfdf6fe2797233a"
            },
            "dist": {
                "type": "zip",
                "url": "https://api.github.com/repos/Actra-AG/yuf/zipball/2e979a46a5ce0fd3346f4e15bbfdf6fe2797233a",
                "reference": "2e979a46a5ce0fd3346f4e15bbfdf6fe2797233a",
                "shasum": ""
            },
            "require": {
                "actra/autoloader": "*",
                "ext-bcmath": "*",
                "ext-curl": "*",
                "ext-dom": "*",
                "ext-iconv": "*",
                "ext-intl": "*",
                "ext-mbstring": "*",
                "ext-openssl": "*",
                "ext-pdo": "*",
                "ext-simplexml": "*",
                "php": ">=8.5"
            },
            "type": "library",
            "notification-url": "https://packagist.org/downloads/",
            "license": [
                "MIT"
            ],
            "authors": [
                {
                    "name": "Actra AG",
                    "email": "info@actra.ch",
                    "homepage": "https://www.actra.ch"
                }
            ],
            "description": "yuf (pronounced \"[jʌf]\" or \"[jʊf]\") - A smart, fast and lightweight php framework with zero dependencies.",
            "homepage": "https://github.com/Actra-AG/yuf",
            "keywords": [
                "actra",
                "fast",
                "framework",
                "lightweight",
                "php",
                "smart"
            ],
            "time": "2026-04-27T18:54:27+00:00"
        }
    ],
    "packages-dev": [],
    "aliases": [],
    "minimum-stability": "stable",
    "stability-flags": {},
    "prefer-stable": false,
    "prefer-lowest": false,
    "platform": {},
    "platform-dev": {},
    "plugin-api-version": "2.9.0"
}
