{
    "_readme": [
        "This file locks the dependencies of your project to a known state",
        "Read more about it at https://getcomposer.org/doc/01-basic-usage.md#installing-dependencies",
        "This file is @generated automatically"
    ],
    "content-hash": "62f9d06ea109880b743333618c89833a",
    "packages": [
        {
            "name": "actra/yuf",
            "version": "v0.1.0",
            "source": {
                "type": "git",
                "url": "https://github.com/Actra-AG/yuf",
                "reference": "86d88585a9795d2cbc16f7de38f3e9e8f324277e"
            },
            "dist": {
                "type": "zip",
                "url": "https://api.github.com/repos/Actra-AG/yuf/zipball/86d88585a9795d2cbc16f7de38f3e9e8f324277e",
                "reference": "86d88585a9795d2cbc16f7de38f3e9e8f324277e",
                "shasum": ""
            },
            "require": {
                "php": ">=8.5"
            },
            "type": "library",
            "notification-url": "https://packagist.org/downloads/",
            "license": [
                "MIT"
            ],
            "description": "yuf - (pronounced \"[jʌf]\" or \"[jʊf]\") - A smart, fast and lightweight php framework with zero dependencies.",
            "time": "2026-02-22T21:07:43+00:00"
        }
    ],
    "packages-dev": [],
    "aliases": [],
    "minimum-stability": "stable",
    "stability-flags": {},
    "prefer-stable": false,
    "prefer-lowest": false,
    "platform": {},
    "platform-dev": {},
    "plugin-api-version": "2.9.0"
}
